{
  "name": "Algorithms",
  "lockfileVersion": 2,
  "requires": true,
  "packages": {
    "": {
      "dependencies": {
        "dsa.js": "^2.7.6"
      }
    },
    "node_modules/dsa.js": {
      "version": "2.7.6",
      "resolved": "https://registry.npmjs.org/dsa.js/-/dsa.js-2.7.6.tgz",
      "integrity": "sha512-/KuQu/CYzV9UHE2hgXE5rD85NYnYt8jRSM0h0hz38l74DVYKqNEsMTBw3vExtYPwLnOlqsCLWin+8Z4a3bqzpw==",
      "engines": {
        "node": ">=12.5.0"
      }
    }
  },
  "dependencies": {
    "dsa.js": {
      "version": "2.7.6",
      "resolved": "https://registry.npmjs.org/dsa.js/-/dsa.js-2.7.6.tgz",
      "integrity": "sha512-/KuQu/CYzV9UHE2hgXE5rD85NYnYt8jRSM0h0hz38l74DVYKqNEsMTBw3vExtYPwLnOlqsCLWin+8Z4a3bqzpw=="
    }
  }
}
